
Microsoft Visual Studio Solution File, Format Version 12.00
# Visual Studio Version 17
VisualStudioVersion = 17.9.34728.123
MinimumVisualStudioVersion = 10.0.40219.1
Project("{9A19103F-16F7-4668-BE54-9A1E7A4F7556}") = "control-inventory", "control-inventory.csproj", "{6F519DFE-A5C1-4433-89FC-662CCAEC49EB}"
EndProject
Project("{FAE04EC0-301F-11D3-BF4B-00C04F79EFBC}") = "ControlInventory.Test", "..\ControlInventory.Test\ControlInventory.Test.csproj", "{71173ABC-A214-45FE-BE0F-AE292ED71D34}"
EndProject
Global
	GlobalSection(SolutionConfigurationPlatforms) = preSolution
		Debug|Any CPU = Debug|Any CPU
		Release|Any CPU = Release|Any CPU
	EndGlobalSection
	GlobalSection(ProjectConfigurationPlatforms) = postSolution
		{6F519DFE-A5C1-4433-89FC-662CCAEC49EB}.Debug|Any CPU.ActiveCfg = Debug|Any CPU
		{6F519DFE-A5C1-4433-89FC-662CCAEC49EB}.Debug|Any CPU.Build.0 = Debug|Any CPU
		{6F519DFE-A5C1-4433-89FC-662CCAEC49EB}.Release|Any CPU.ActiveCfg = Release|Any CPU
		{6F519DFE-A5C1-4433-89FC-662CCAEC49EB}.Release|Any CPU.Build.0 = Release|Any CPU
		{71173ABC-A214-45FE-BE0F-AE292ED71D34}.Debug|Any CPU.ActiveCfg = Debug|Any CPU
		{71173ABC-A214-45FE-BE0F-AE292ED71D34}.Debug|Any CPU.Build.0 = Debug|Any CPU
		{71173ABC-A214-45FE-BE0F-AE292ED71D34}.Release|Any CPU.ActiveCfg = Release|Any CPU
		{71173ABC-A214-45FE-BE0F-AE292ED71D34}.Release|Any CPU.Build.0 = Release|Any CPU
	EndGlobalSection
	GlobalSection(SolutionProperties) = preSolution
		HideSolutionNode = FALSE
	EndGlobalSection
	GlobalSection(ExtensibilityGlobals) = postSolution
		SolutionGuid = {CE8341A6-08EF-4DEA-8899-7805EBA5662E}
	EndGlobalSection
EndGlobal
